
Microsoft Visual Studio Solution File, Format Version 12.00
# Visual Studio Version 16
VisualStudioVersion = 16.0.28729.10
MinimumVisualStudioVersion = 10.0.40219.1
Project("{9A19103F-16F7-4668-BE54-9A1E7A4F7556}") = "NArgs", "NArgs\NArgs.csproj", "{D3E2E780-EC09-453F-8CB0-3483CFB12D89}"
EndProject
Project("{FAE04EC0-301F-11D3-BF4B-00C04F79EFBC}") = "NArgsTest", "NArgsTest\NArgsTest.csproj", "{501C340E-7AEA-41EB-B3B4-6F6D431A49ED}"
EndProject
Project("{2150E333-8FDC-42A3-9474-1A3956D46DE8}") = "Solution Items", "Solution Items", "{9CA54A4A-EC3E-489D-B1C4-C1BADE7A7AD5}"
	ProjectSection(SolutionItems) = preProject
		.editorconfig = .editorconfig
	EndProjectSection
EndProject
Global
	GlobalSection(SolutionConfigurationPlatforms) = preSolution
		Debug|Any CPU = Debug|Any CPU
		Release|Any CPU = Release|Any CPU
	EndGlobalSection
	GlobalSection(ProjectConfigurationPlatforms) = postSolution
		{D3E2E780-EC09-453F-8CB0-3483CFB12D89}.Debug|Any CPU.ActiveCfg = Debug|Any CPU
		{D3E2E780-EC09-453F-8CB0-3483CFB12D89}.Debug|Any CPU.Build.0 = Debug|Any CPU
		{D3E2E780-EC09-453F-8CB0-3483CFB12D89}.Release|Any CPU.ActiveCfg = Release|Any CPU
		{D3E2E780-EC09-453F-8CB0-3483CFB12D89}.Release|Any CPU.Build.0 = Release|Any CPU
		{501C340E-7AEA-41EB-B3B4-6F6D431A49ED}.Debug|Any CPU.ActiveCfg = Debug|Any CPU
		{501C340E-7AEA-41EB-B3B4-6F6D431A49ED}.Debug|Any CPU.Build.0 = Debug|Any CPU
		{501C340E-7AEA-41EB-B3B4-6F6D431A49ED}.Release|Any CPU.ActiveCfg = Release|Any CPU
	EndGlobalSection
	GlobalSection(SolutionProperties) = preSolution
		HideSolutionNode = FALSE
	EndGlobalSection
	GlobalSection(ExtensibilityGlobals) = postSolution
		SolutionGuid = {392DDA01-0C8B-4256-A0F4-E639F4DA387E}
	EndGlobalSection
EndGlobal
